# THIS IS AN AUTOGENERATED FILE. DO NOT EDIT THIS FILE DIRECTLY.
# yarn lockfile v1


"@algolia/autocomplete-core@1.5.2":
  version "1.5.2"
  resolved "https://registry.npmjs.org/@algolia/autocomplete-core/-/autocomplete-core-1.5.2.tgz#ec0178e07b44fd74a057728ac157291b26cecf37"
  integrity sha512-DY0bhyczFSS1b/CqJlTE/nQRtnTAHl6IemIkBy0nEWnhDzRDdtdx4p5Uuk3vwAFxwEEgi1WqKwgSSMx6DpNL4A==
  dependencies:
    "@algolia/autocomplete-shared" "1.5.2"

"@algolia/autocomplete-preset-algolia@1.5.2":
  version "1.5.2"
  resolved "https://registry.npmjs.org/@algolia/autocomplete-preset-algolia/-/autocomplete-preset-algolia-1.5.2.tgz#36c5638cc6dba6ea46a86e5a0314637ca40a77ca"
  integrity sha512-3MRYnYQFJyovANzSX2CToS6/5cfVjbLLqFsZTKcvF3abhQzxbqwwaMBlJtt620uBUOeMzhdfasKhCc40+RHiZw==
  dependencies:
    "@algolia/autocomplete-shared" "1.5.2"

"@algolia/autocomplete-shared@1.5.2":
  version "1.5.2"
  resolved "https://registry.npmjs.org/@algolia/autocomplete-shared/-/autocomplete-shared-1.5.2.tgz#e157f9ad624ab8fd940ff28bd2094cdf199cdd79"
  integrity sha512-ylQAYv5H0YKMfHgVWX0j0NmL8XBcAeeeVQUmppnnMtzDbDnca6CzhKj3Q8eF9cHCgcdTDdb5K+3aKyGWA0obug==

"@algolia/cache-browser-local-storage@4.8.4":
  version "4.8.4"
  resolved "https://registry.npmjs.org/@algolia/cache-browser-local-storage/-/cache-browser-local-storage-4.8.4.tgz#6a03ffc6b0b5b5aa7f74732bf8091a0f3d2b0986"
  integrity sha512-qSS3VMP3oMhcLrYIFveRyt3F5XB6MqWogF4Vooj8KvOvqv6jBmYwkAueSXCF5pkJEaA72VL9+9NbBpfC8ez2ww==
  dependencies:
    "@algolia/cache-common" "4.8.4"

"@algolia/cache-common@4.8.4":
  version "4.8.4"
  resolved "https://registry.npmjs.org/@algolia/cache-common/-/cache-common-4.8.4.tgz#b105bdfe3fa0ba15db936177c4db420befed2ab7"
  integrity sha512-5+dLmj6qFy4WOtnNQuFRfWTIIDdpUigv+dXaKMFplNPBvZHGFy3hcRjWqYzGcqaeLqcXbN8cU5r75mvrlJIxcw==

"@algolia/cache-in-memory@4.8.4":
  version "4.8.4"
  resolved "https://registry.npmjs.org/@algolia/cache-in-memory/-/cache-in-memory-4.8.4.tgz#e978935dd8c4bbd555820e9b9fc863a24f3d38dd"
  integrity sha512-PBN4YKxn/L+HjVKqUE5rtLiFKqzm4qnUoF7QvCFFmFAViCdYwZSMFVmDobstqWY3KULfsEqaeD4eU4jxZbKhEA==
  dependencies:
    "@algolia/cache-common" "4.8.4"

"@algolia/client-account@4.8.4":
  version "4.8.4"
  resolved "https://registry.npmjs.org/@algolia/client-account/-/client-account-4.8.4.tgz#a0af429e3587b33a988fec98ce0c739fd16143aa"
  integrity sha512-mrsOnGV4O2b+t1CumUH72+Psw9d9qwngBEp2le7IMSceJQywQvNCyJ4B4qyoozHsIGapXfcVAOhRxqUsNQ6U6g==
  dependencies:
    "@algolia/client-common" "4.8.4"
    "@algolia/client-search" "4.8.4"
    "@algolia/transporter" "4.8.4"

"@algolia/client-analytics@4.8.4":
  version "4.8.4"
  resolved "https://registry.npmjs.org/@algolia/client-analytics/-/client-analytics-4.8.4.tgz#77c81b699909b50ecd9bf97997f014cfeb358fc3"
  integrity sha512-Xy70njSUgG/QTv5+rPjsTIzBF/bjxseS5h9SawrQGzovTosbJbu9JBlg4YwVJnYvjovzpr7S39+gPIPc8M7+Rg==
  dependencies:
    "@algolia/client-common" "4.8.4"
    "@algolia/client-search" "4.8.4"
    "@algolia/requester-common" "4.8.4"
    "@algolia/transporter" "4.8.4"

"@algolia/client-common@4.8.4":
  version "4.8.4"
  resolved "https://registry.npmjs.org/@algolia/client-common/-/client-common-4.8.4.tgz#a1b35645253c7f96925bfe91bac486e755329b77"
  integrity sha512-sQlRa+KWFn+D8AOEZb4kj6RE/i6DnPwVOF4AnNf9IjNB0mUUhLWw96cQN6GDx0KE4lhW67t+qR39ZuuDBgR9ww==
  dependencies:
    "@algolia/requester-common" "4.8.4"
    "@algolia/transporter" "4.8.4"

"@algolia/client-recommendation@4.8.4":
  version "4.8.4"
  resolved "https://registry.npmjs.org/@algolia/client-recommendation/-/client-recommendation-4.8.4.tgz#1aaa9735e96865ff06321a8bc850829445c945d1"
  integrity sha512-CE0CVqLGWotVOaUXyU33FVD9FZ/7rqcbwFPH5MgSjVdE0B1YWVedhR0s2BNKodXLcIGVLVYfXR05CLdvOlTw+A==
  dependencies:
    "@algolia/client-common" "4.8.4"
    "@algolia/requester-common" "4.8.4"
    "@algolia/transporter" "4.8.4"

"@algolia/client-search@4.8.4":
  version "4.8.4"
  resolved "https://registry.npmjs.org/@algolia/client-search/-/client-search-4.8.4.tgz#0320c4a109d2cc220a9d1002f9ec64655a4494dc"
  integrity sha512-eH2tRPnDU3tqpp0BSqP6coRRQe8fceqsupuf/1ho+Mcs5DM13mEuFmNOyPywHRlYLVPmbbCPRhDr5rB8QoN7XQ==
  dependencies:
    "@algolia/client-common" "4.8.4"
    "@algolia/requester-common" "4.8.4"
    "@algolia/transporter" "4.8.4"

"@algolia/logger-common@4.8.4":
  version "4.8.4"
  resolved "https://registry.npmjs.org/@algolia/logger-common/-/logger-common-4.8.4.tgz#42ecab3c92388a0d81b8532cefb47670da46cdd3"
  integrity sha512-6hOaFG75Onmant9adcaeCZgvPYfnif7n0H1ycbixm6/WH3SmxqPMG+CMiW8mTNTRrrAEceQVrq6tDHD8jdnOOw==

"@algolia/logger-console@4.8.4":
  version "4.8.4"
  resolved "https://registry.npmjs.org/@algolia/logger-console/-/logger-console-4.8.4.tgz#adfac58df84848443bff1326986a0ca98db866b9"
  integrity sha512-+9T3t/eB9vseANFz9YbFHG0cHjzVP/DVfGqzTAkeSlvMHP69JzJga9Wb0Ai6J3xXE3d4k9K+k6t+kkjCQjzEqg==
  dependencies:
    "@algolia/logger-common" "4.8.4"

"@algolia/requester-browser-xhr@4.8.4":
  version "4.8.4"
  resolved "https://registry.npmjs.org/@algolia/requester-browser-xhr/-/requester-browser-xhr-4.8.4.tgz#30c5c9d129fafd863b7c9c7a988c36ec5754b973"
  integrity sha512-BYa8O/pht0UL2bcm0ZkLZiyC+5dHrbc6gvKIo+OgqxmDb/K4KrVo6RIof3BVpR8fgcfxQJohjNVHKXHxEUhBCQ==
  dependencies:
    "@algolia/requester-common" "4.8.4"

"@algolia/requester-common@4.8.4":
  version "4.8.4"
  resolved "https://registry.npmjs.org/@algolia/requester-common/-/requester-common-4.8.4.tgz#670f5e43e4d09ff9a3b9bfda7ac0c03476a9e4b1"
  integrity sha512-br3LXb6srfAy7F04axwExmrkPOlXCDckgTFoLFv/RT9Oo28SpoyvHqktyBovQLdzdTs+Laglf+LtOHr0iUrZJg==

"@algolia/requester-node-http@4.8.4":
  version "4.8.4"
  resolved "https://registry.npmjs.org/@algolia/requester-node-http/-/requester-node-http-4.8.4.tgz#8af2cceb45e5bb2b9e7ed3b7daa34f3c2580912a"
  integrity sha512-o5Cc4UxYPn3IBHQSDBNFFhq1LQLv40eYvCvK0FPJ8xZkrnNXhjPvaLCu/lQTHpk/HX7DaE6fQ/KboU0OSPKevQ==
  dependencies:
    "@algolia/requester-common" "4.8.4"

"@algolia/transporter@4.8.4":
  version "4.8.4"
  resolved "https://registry.npmjs.org/@algolia/transporter/-/transporter-4.8.4.tgz#09452334e380ff0706676303e6642e76b72ae0bf"
  integrity sha512-EvXFYICxrr9QEO6m6awUeNOBstOxePQ2Fy0jtYlS1v9TY2P5HqKRzkxmaZjeYRBsXOImpVjgQIzTzj1Au4br2w==
  dependencies:
    "@algolia/cache-common" "4.8.4"
    "@algolia/logger-common" "4.8.4"
    "@algolia/requester-common" "4.8.4"

"@babel/parser@^7.16.4":
  version "7.17.3"
  resolved "https://registry.npmjs.org/@babel/parser/-/parser-7.17.3.tgz#b07702b982990bf6fdc1da5049a23fece4c5c3d0"
  integrity sha512-7yJPvPV+ESz2IUTPbOL+YkIGyCqOyNIzdguKQuJGnH7bg1WTIifuM21YqokFt/THWh1AkCRn9IgoykTRCBVpzA==

"@docsearch/css@3.0.0-alpha.50", "@docsearch/css@^3.0.0-alpha.41":
  version "3.0.0-alpha.50"
  resolved "https://registry.npmjs.org/@docsearch/css/-/css-3.0.0-alpha.50.tgz#794c6a8d301840a49b55f5b331c7be84b9723643"
  integrity sha512-QeWFCQOtS9D+Fi20liKsPXF2j/xWKh52e+P2Z1UATIdPMqmH6zoB2lcUz+cgv6PPVgWUtECeR6VSSUm71LT94w==

"@docsearch/js@^3.0.0-alpha.41":
  version "3.0.0-alpha.50"
  resolved "https://registry.npmjs.org/@docsearch/js/-/js-3.0.0-alpha.50.tgz#8d59834ceb4a27463851e7e7ce9968f3549cc8f2"
  integrity sha512-1ap9Wz5oR/Z8yybaCZhsptXU43es3H52eEQUZtmzb8dUWyCW+3iXaKVB/qeMJOQWtggZ/WvZV3YknVIbCMR2dQ==
  dependencies:
    "@docsearch/react" "3.0.0-alpha.50"
    preact "^10.0.0"

"@docsearch/react@3.0.0-alpha.50":
  version "3.0.0-alpha.50"
  resolved "https://registry.npmjs.org/@docsearch/react/-/react-3.0.0-alpha.50.tgz#a7dc547836c2b221fd3aa8eb87bfb47a579ef141"
  integrity sha512-oDGV1zZCRYv7MWsh6CyQVthYTRc3b4q+6kKwNYb1/g/Wf/4nJHutpxolFLHdEUDhrJ4Xi8wxwQG+lEwAVBTHPg==
  dependencies:
    "@algolia/autocomplete-core" "1.5.2"
    "@algolia/autocomplete-preset-algolia" "1.5.2"
    "@docsearch/css" "3.0.0-alpha.50"
    algoliasearch "^4.0.0"

"@vitejs/plugin-vue@^2.0.0":
  version "2.2.0"
  resolved "https://registry.npmjs.org/@vitejs/plugin-vue/-/plugin-vue-2.2.0.tgz#a0affe3ee09f70a9a1415bd39c0f8a58fa78b419"
  integrity sha512-wXigM1EwN2G7rZcwG6kLk9ivvIMhx2363tCEvMBiXcTu5nePM/12hUPVzPb83Uugt6U+zom1gTpJopi/Ow/jwg==

"@vue/compiler-core@3.2.31":
  version "3.2.31"
  resolved "https://registry.npmjs.org/@vue/compiler-core/-/compiler-core-3.2.31.tgz#d38f06c2cf845742403b523ab4596a3fda152e89"
  integrity sha512-aKno00qoA4o+V/kR6i/pE+aP+esng5siNAVQ422TkBNM6qA4veXiZbSe8OTXHXquEi/f6Akc+nLfB4JGfe4/WQ==
  dependencies:
    "@babel/parser" "^7.16.4"
    "@vue/shared" "3.2.31"
    estree-walker "^2.0.2"
    source-map "^0.6.1"

"@vue/compiler-dom@3.2.31":
  version "3.2.31"
  resolved "https://registry.npmjs.org/@vue/compiler-dom/-/compiler-dom-3.2.31.tgz#b1b7dfad55c96c8cc2b919cd7eb5fd7e4ddbf00e"
  integrity sha512-60zIlFfzIDf3u91cqfqy9KhCKIJgPeqxgveH2L+87RcGU/alT6BRrk5JtUso0OibH3O7NXuNOQ0cDc9beT0wrg==
  dependencies:
    "@vue/compiler-core" "3.2.31"
    "@vue/shared" "3.2.31"

"@vue/compiler-sfc@3.2.31":
  version "3.2.31"
  resolved "https://registry.npmjs.org/@vue/compiler-sfc/-/compiler-sfc-3.2.31.tgz#d02b29c3fe34d599a52c5ae1c6937b4d69f11c2f"
  integrity sha512-748adc9msSPGzXgibHiO6T7RWgfnDcVQD+VVwYgSsyyY8Ans64tALHZANrKtOzvkwznV/F4H7OAod/jIlp/dkQ==
  dependencies:
    "@babel/parser" "^7.16.4"
    "@vue/compiler-core" "3.2.31"
    "@vue/compiler-dom" "3.2.31"
    "@vue/compiler-ssr" "3.2.31"
    "@vue/reactivity-transform" "3.2.31"
    "@vue/shared" "3.2.31"
    estree-walker "^2.0.2"
    magic-string "^0.25.7"
    postcss "^8.1.10"
    source-map "^0.6.1"

"@vue/compiler-ssr@3.2.31":
  version "3.2.31"
  resolved "https://registry.npmjs.org/@vue/compiler-ssr/-/compiler-ssr-3.2.31.tgz#4fa00f486c9c4580b40a4177871ebbd650ecb99c"
  integrity sha512-mjN0rqig+A8TVDnsGPYJM5dpbjlXeHUm2oZHZwGyMYiGT/F4fhJf/cXy8QpjnLQK4Y9Et4GWzHn9PS8AHUnSkw==
  dependencies:
    "@vue/compiler-dom" "3.2.31"
    "@vue/shared" "3.2.31"

"@vue/reactivity-transform@3.2.31":
  version "3.2.31"
  resolved "https://registry.npmjs.org/@vue/reactivity-transform/-/reactivity-transform-3.2.31.tgz#0f5b25c24e70edab2b613d5305c465b50fc00911"
  integrity sha512-uS4l4z/W7wXdI+Va5pgVxBJ345wyGFKvpPYtdSgvfJfX/x2Ymm6ophQlXXB6acqGHtXuBqNyyO3zVp9b1r0MOA==
  dependencies:
    "@babel/parser" "^7.16.4"
    "@vue/compiler-core" "3.2.31"
    "@vue/shared" "3.2.31"
    estree-walker "^2.0.2"
    magic-string "^0.25.7"

"@vue/reactivity@3.2.31":
  version "3.2.31"
  resolved "https://registry.npmjs.org/@vue/reactivity/-/reactivity-3.2.31.tgz#fc90aa2cdf695418b79e534783aca90d63a46bbd"
  integrity sha512-HVr0l211gbhpEKYr2hYe7hRsV91uIVGFYNHj73njbARVGHQvIojkImKMaZNDdoDZOIkMsBc9a1sMqR+WZwfSCw==
  dependencies:
    "@vue/shared" "3.2.31"

"@vue/runtime-core@3.2.31":
  version "3.2.31"
  resolved "https://registry.npmjs.org/@vue/runtime-core/-/runtime-core-3.2.31.tgz#9d284c382f5f981b7a7b5971052a1dc4ef39ac7a"
  integrity sha512-Kcog5XmSY7VHFEMuk4+Gap8gUssYMZ2+w+cmGI6OpZWYOEIcbE0TPzzPHi+8XTzAgx1w/ZxDFcXhZeXN5eKWsA==
  dependencies:
    "@vue/reactivity" "3.2.31"
    "@vue/shared" "3.2.31"

"@vue/runtime-dom@3.2.31":
  version "3.2.31"
  resolved "https://registry.npmjs.org/@vue/runtime-dom/-/runtime-dom-3.2.31.tgz#79ce01817cb3caf2c9d923f669b738d2d7953eff"
  integrity sha512-N+o0sICVLScUjfLG7u9u5XCjvmsexAiPt17GNnaWHJUfsKed5e85/A3SWgKxzlxx2SW/Hw7RQxzxbXez9PtY3g==
  dependencies:
    "@vue/runtime-core" "3.2.31"
    "@vue/shared" "3.2.31"
    csstype "^2.6.8"

"@vue/server-renderer@3.2.31":
  version "3.2.31"
  resolved "https://registry.npmjs.org/@vue/server-renderer/-/server-renderer-3.2.31.tgz#201e9d6ce735847d5989403af81ef80960da7141"
  integrity sha512-8CN3Zj2HyR2LQQBHZ61HexF5NReqngLT3oahyiVRfSSvak+oAvVmu8iNLSu6XR77Ili2AOpnAt1y8ywjjqtmkg==
  dependencies:
    "@vue/compiler-ssr" "3.2.31"
    "@vue/shared" "3.2.31"

"@vue/shared@3.2.31":
  version "3.2.31"
  resolved "https://registry.npmjs.org/@vue/shared/-/shared-3.2.31.tgz#c90de7126d833dcd3a4c7534d534be2fb41faa4e"
  integrity sha512-ymN2pj6zEjiKJZbrf98UM2pfDd6F2H7ksKw7NDt/ZZ1fh5Ei39X5tABugtT03ZRlWd9imccoK0hE8hpjpU7irQ==

algoliasearch@^4.0.0:
  version "4.8.4"
  resolved "https://registry.npmjs.org/algoliasearch/-/algoliasearch-4.8.4.tgz#ac2fc9335dfe06f55b9bd4faf6050ea0c8e0feea"
  integrity sha512-QbXpFvBKj/QhKWE7xBoqaWOWyw7ni6W6THSuFJHOcADRrInhjFCBYjrv+YsIhv9huCepKXWpfV4UJup9BslVhQ==
  dependencies:
    "@algolia/cache-browser-local-storage" "4.8.4"
    "@algolia/cache-common" "4.8.4"
    "@algolia/cache-in-memory" "4.8.4"
    "@algolia/client-account" "4.8.4"
    "@algolia/client-analytics" "4.8.4"
    "@algolia/client-common" "4.8.4"
    "@algolia/client-recommendation" "4.8.4"
    "@algolia/client-search" "4.8.4"
    "@algolia/logger-common" "4.8.4"
    "@algolia/logger-console" "4.8.4"
    "@algolia/requester-browser-xhr" "4.8.4"
    "@algolia/requester-common" "4.8.4"
    "@algolia/requester-node-http" "4.8.4"
    "@algolia/transporter" "4.8.4"

ansi-styles@^4.1.0:
  version "4.3.0"
  resolved "https://registry.npmjs.org/ansi-styles/-/ansi-styles-4.3.0.tgz#edd803628ae71c04c85ae7a0906edad34b648937"
  integrity sha512-zbB9rCJAT1rbjiVDb2hqKFHNYLxgtk8NURxZ3IZwD3F6NtxbXZQCnnSi1Lkx+IDohdPlFp222wVALIheZJQSEg==
  dependencies:
    color-convert "^2.0.1"

argparse@^1.0.7:
  version "1.0.10"
  resolved "https://registry.yarnpkg.com/argparse/-/argparse-1.0.10.tgz#bcd6791ea5ae09725e17e5ad988134cd40b3d911"
  integrity sha512-o5Roy6tNG4SL/FOkCAN6RzjiakZS25RLYFrcMttJqbdd8BWrnA+fGz57iN5Pb06pvBGvl5gQ0B48dJlslXvoTg==
  dependencies:
    sprintf-js "~1.0.2"

chalk@^4.1.0:
  version "4.1.0"
  resolved "https://registry.npmjs.org/chalk/-/chalk-4.1.0.tgz#4e14870a618d9e2edd97dd8345fd9d9dc315646a"
  integrity sha512-qwx12AxXe2Q5xQ43Ac//I6v5aXTipYrSESdOgzrN+9XjgEpyjpKuvSGaN4qE93f7TQTlerQQ8S+EQ0EyDoVL1A==
  dependencies:
    ansi-styles "^4.1.0"
    supports-color "^7.1.0"

ci-info@^1.5.0:
  version "1.6.0"
  resolved "https://registry.npmjs.org/ci-info/-/ci-info-1.6.0.tgz#2ca20dbb9ceb32d4524a683303313f0304b1e497"
  integrity sha512-vsGdkwSCDpWmP80ncATX7iea5DWQemg1UgCW5J8tqjU3lYw4FBYuj89J0CTVomA7BEfvSZd84GmHko+MxFQU2A==

color-convert@^2.0.1:
  version "2.0.1"
  resolved "https://registry.npmjs.org/color-convert/-/color-convert-2.0.1.tgz#72d3a68d598c9bdb3af2ad1e84f21d896abd4de3"
  integrity sha512-RRECPsj7iu/xb5oKYcsFHSppFNnsj/52OVTRKb4zP5onXwVF3zVmmToNcOfGC+CRDpfK/U584fMg38ZHCaElKQ==
  dependencies:
    color-name "~1.1.4"

color-name@~1.1.4:
  version "1.1.4"
  resolved "https://registry.npmjs.org/color-name/-/color-name-1.1.4.tgz#c2a09a87acbde69543de6f63fa3995c826c536a2"
  integrity sha512-dOy+3AuW3a2wNbZHIuMZpTcgjGuLU/uBL/ubcZF9OXbDo8ff4O8yVp5Bf0efS8uEoYo5q4Fx7dY9OgQGXgAsQA==

cross-spawn@^5.0.1:
  version "5.1.0"
  resolved "https://registry.npmjs.org/cross-spawn/-/cross-spawn-5.1.0.tgz#e8bd0efee58fcff6f8f94510a0a554bbfa235449"
  integrity sha1-6L0O/uWPz/b4+UUQoKVUu/ojVEk=
  dependencies:
    lru-cache "^4.0.1"
    shebang-command "^1.2.0"
    which "^1.2.9"

csstype@^2.6.8:
  version "2.6.14"
  resolved "https://registry.npmjs.org/csstype/-/csstype-2.6.14.tgz#004822a4050345b55ad4dcc00be1d9cf2f4296de"
  integrity sha512-2mSc+VEpGPblzAxyeR+vZhJKgYg0Og0nnRi7pmRXFYYxSfnOnW8A5wwQb4n4cE2nIOzqKOAzLCaEX6aBmNEv8A==

esbuild-android-arm64@0.14.22:
  version "0.14.22"
  resolved "https://registry.npmjs.org/esbuild-android-arm64/-/esbuild-android-arm64-0.14.22.tgz#fb051169a63307d958aec85ad596cfc7d7770303"
  integrity sha512-k1Uu4uC4UOFgrnTj2zuj75EswFSEBK+H6lT70/DdS4mTAOfs2ECv2I9ZYvr3w0WL0T4YItzJdK7fPNxcPw6YmQ==

esbuild-darwin-64@0.14.22:
  version "0.14.22"
  resolved "https://registry.npmjs.org/esbuild-darwin-64/-/esbuild-darwin-64-0.14.22.tgz#615ea0a9de67b57a293a7128d7ac83ee307a856d"
  integrity sha512-d8Ceuo6Vw6HM3fW218FB6jTY6O3r2WNcTAU0SGsBkXZ3k8SDoRLd3Nrc//EqzdgYnzDNMNtrWegK2Qsss4THhw==

esbuild-darwin-arm64@0.14.22:
  version "0.14.22"
  resolved "https://registry.npmjs.org/esbuild-darwin-arm64/-/esbuild-darwin-arm64-0.14.22.tgz#82054dcfcecb15ccfd237093b8008e7745a99ad9"
  integrity sha512-YAt9Tj3SkIUkswuzHxkaNlT9+sg0xvzDvE75LlBo4DI++ogSgSmKNR6B4eUhU5EUUepVXcXdRIdqMq9ppeRqfw==

esbuild-freebsd-64@0.14.22:
  version "0.14.22"
  resolved "https://registry.npmjs.org/esbuild-freebsd-64/-/esbuild-freebsd-64-0.14.22.tgz#778a818c5b078d5cdd6bb6c0e0797217d196999b"
  integrity sha512-ek1HUv7fkXMy87Qm2G4IRohN+Qux4IcnrDBPZGXNN33KAL0pEJJzdTv0hB/42+DCYWylSrSKxk3KUXfqXOoH4A==

esbuild-freebsd-arm64@0.14.22:
  version "0.14.22"
  resolved "https://registry.npmjs.org/esbuild-freebsd-arm64/-/esbuild-freebsd-arm64-0.14.22.tgz#18da93b9f3db2e036f72383bfe73b28b73bb332c"
  integrity sha512-zPh9SzjRvr9FwsouNYTqgqFlsMIW07O8mNXulGeQx6O5ApgGUBZBgtzSlBQXkHi18WjrosYfsvp5nzOKiWzkjQ==

esbuild-linux-32@0.14.22:
  version "0.14.22"
  resolved "https://registry.npmjs.org/esbuild-linux-32/-/esbuild-linux-32-0.14.22.tgz#d0d5d9f5bb3536e17ac097e9512019c65b7c0234"
  integrity sha512-SnpveoE4nzjb9t2hqCIzzTWBM0RzcCINDMBB67H6OXIuDa4KqFqaIgmTchNA9pJKOVLVIKd5FYxNiJStli21qg==

esbuild-linux-64@0.14.22:
  version "0.14.22"
  resolved "https://registry.npmjs.org/esbuild-linux-64/-/esbuild-linux-64-0.14.22.tgz#2773d540971999ea7f38107ef92fca753f6a8c30"
  integrity sha512-Zcl9Wg7gKhOWWNqAjygyqzB+fJa19glgl2JG7GtuxHyL1uEnWlpSMytTLMqtfbmRykIHdab797IOZeKwk5g0zg==

esbuild-linux-arm64@0.14.22:
  version "0.14.22"
  resolved "https://registry.npmjs.org/esbuild-linux-arm64/-/esbuild-linux-arm64-0.14.22.tgz#5d4480ce6d6bffab1dd76a23158f5a5ab33e7ba4"
  integrity sha512-8q/FRBJtV5IHnQChO3LHh/Jf7KLrxJ/RCTGdBvlVZhBde+dk3/qS9fFsUy+rs3dEi49aAsyVitTwlKw1SUFm+A==

esbuild-linux-arm@0.14.22:
  version "0.14.22"
  resolved "https://registry.npmjs.org/esbuild-linux-arm/-/esbuild-linux-arm-0.14.22.tgz#c6391b3f7c8fa6d3b99a7e893ce0f45f3a921eef"
  integrity sha512-soPDdbpt/C0XvOOK45p4EFt8HbH5g+0uHs5nUKjHVExfgR7du734kEkXR/mE5zmjrlymk5AA79I0VIvj90WZ4g==

esbuild-linux-mips64le@0.14.22:
  version "0.14.22"
  resolved "https://registry.npmjs.org/esbuild-linux-mips64le/-/esbuild-linux-mips64le-0.14.22.tgz#2c8dabac355c502e86c38f9f292b3517d8e181f3"
  integrity sha512-SiNDfuRXhGh1JQLLA9JPprBgPVFOsGuQ0yDfSPTNxztmVJd8W2mX++c4FfLpAwxuJe183mLuKf7qKCHQs5ZnBQ==

esbuild-linux-ppc64le@0.14.22:
  version "0.14.22"
  resolved "https://registry.npmjs.org/esbuild-linux-ppc64le/-/esbuild-linux-ppc64le-0.14.22.tgz#69d71b2820d5c94306072dac6094bae38e77d1c0"
  integrity sha512-6t/GI9I+3o1EFm2AyN9+TsjdgWCpg2nwniEhjm2qJWtJyJ5VzTXGUU3alCO3evopu8G0hN2Bu1Jhz2YmZD0kng==

esbuild-linux-riscv64@0.14.22:
  version "0.14.22"
  resolved "https://registry.npmjs.org/esbuild-linux-riscv64/-/esbuild-linux-riscv64-0.14.22.tgz#c0ec0fc3a23624deebf657781550d2329cec4213"
  integrity sha512-AyJHipZKe88sc+tp5layovquw5cvz45QXw5SaDgAq2M911wLHiCvDtf/07oDx8eweCyzYzG5Y39Ih568amMTCQ==

esbuild-linux-s390x@0.14.22:
  version "0.14.22"
  resolved "https://registry.npmjs.org/esbuild-linux-s390x/-/esbuild-linux-s390x-0.14.22.tgz#ec2af4572d63336cfb27f5a5c851fb1b6617dd91"
  integrity sha512-Sz1NjZewTIXSblQDZWEFZYjOK6p8tV6hrshYdXZ0NHTjWE+lwxpOpWeElUGtEmiPcMT71FiuA9ODplqzzSxkzw==

esbuild-netbsd-64@0.14.22:
  version "0.14.22"
  resolved "https://registry.npmjs.org/esbuild-netbsd-64/-/esbuild-netbsd-64-0.14.22.tgz#0e283278e9fdbaa7f0930f93ee113d7759cd865e"
  integrity sha512-TBbCtx+k32xydImsHxvFgsOCuFqCTGIxhzRNbgSL1Z2CKhzxwT92kQMhxort9N/fZM2CkRCPPs5wzQSamtzEHA==

esbuild-openbsd-64@0.14.22:
  version "0.14.22"
  resolved "https://registry.npmjs.org/esbuild-openbsd-64/-/esbuild-openbsd-64-0.14.22.tgz#2a73bba04e16d8ef278fbe2be85248e12a2f2cc2"
  integrity sha512-vK912As725haT313ANZZZN+0EysEEQXWC/+YE4rQvOQzLuxAQc2tjbzlAFREx3C8+uMuZj/q7E5gyVB7TzpcTA==

esbuild-sunos-64@0.14.22:
  version "0.14.22"
  resolved "https://registry.npmjs.org/esbuild-sunos-64/-/esbuild-sunos-64-0.14.22.tgz#8fe03513b8b2e682a6d79d5e3ca5849651a3c1d8"
  integrity sha512-/mbJdXTW7MTcsPhtfDsDyPEOju9EOABvCjeUU2OJ7fWpX/Em/H3WYDa86tzLUbcVg++BScQDzqV/7RYw5XNY0g==

esbuild-windows-32@0.14.22:
  version "0.14.22"
  resolved "https://registry.npmjs.org/esbuild-windows-32/-/esbuild-windows-32-0.14.22.tgz#a75df61e3e49df292a1842be8e877a3153ee644f"
  integrity sha512-1vRIkuvPTjeSVK3diVrnMLSbkuE36jxA+8zGLUOrT4bb7E/JZvDRhvtbWXWaveUc/7LbhaNFhHNvfPuSw2QOQg==

esbuild-windows-64@0.14.22:
  version "0.14.22"
  resolved "https://registry.npmjs.org/esbuild-windows-64/-/esbuild-windows-64-0.14.22.tgz#d06cf8bbe4945b8bf95a730d871e54a22f635941"
  integrity sha512-AxjIDcOmx17vr31C5hp20HIwz1MymtMjKqX4qL6whPj0dT9lwxPexmLj6G1CpR3vFhui6m75EnBEe4QL82SYqw==

esbuild-windows-arm64@0.14.22:
  version "0.14.22"
  resolved "https://registry.npmjs.org/esbuild-windows-arm64/-/esbuild-windows-arm64-0.14.22.tgz#f8b1b05c548073be8413a5ecb12d7c2f6e717227"
  integrity sha512-5wvQ+39tHmRhNpu2Fx04l7QfeK3mQ9tKzDqqGR8n/4WUxsFxnVLfDRBGirIfk4AfWlxk60kqirlODPoT5LqMUg==

esbuild@^0.14.14:
  version "0.14.22"
  resolved "https://registry.npmjs.org/esbuild/-/esbuild-0.14.22.tgz#2b55fde89d7aa5aaaad791816d58ff9dfc5ed085"
  integrity sha512-CjFCFGgYtbFOPrwZNJf7wsuzesx8kqwAffOlbYcFDLFuUtP8xloK1GH+Ai13Qr0RZQf9tE7LMTHJ2iVGJ1SKZA==
  optionalDependencies:
    esbuild-android-arm64 "0.14.22"
    esbuild-darwin-64 "0.14.22"
    esbuild-darwin-arm64 "0.14.22"
    esbuild-freebsd-64 "0.14.22"
    esbuild-freebsd-arm64 "0.14.22"
    esbuild-linux-32 "0.14.22"
    esbuild-linux-64 "0.14.22"
    esbuild-linux-arm "0.14.22"
    esbuild-linux-arm64 "0.14.22"
    esbuild-linux-mips64le "0.14.22"
    esbuild-linux-ppc64le "0.14.22"
    esbuild-linux-riscv64 "0.14.22"
    esbuild-linux-s390x "0.14.22"
    esbuild-netbsd-64 "0.14.22"
    esbuild-openbsd-64 "0.14.22"
    esbuild-sunos-64 "0.14.22"
    esbuild-windows-32 "0.14.22"
    esbuild-windows-64 "0.14.22"
    esbuild-windows-arm64 "0.14.22"

esprima@^4.0.0:
  version "4.0.1"
  resolved "https://registry.yarnpkg.com/esprima/-/esprima-4.0.1.tgz#13b04cdb3e6c5d19df91ab6987a8695619b0aa71"
  integrity sha512-eGuFFw7Upda+g4p+QHvnW0RyTX/SVeJBDM/gCtMARO0cLuT2HcEKnTPvhjV6aGeqrCB/sbNop0Kszm0jsaWU4A==

estree-walker@^2.0.2:
  version "2.0.2"
  resolved "https://registry.yarnpkg.com/estree-walker/-/estree-walker-2.0.2.tgz#52f010178c2a4c117a7757cfe942adb7d2da4cac"
  integrity sha512-Rfkk/Mp/DL7JVje3u18FxFujQlTNR2q6QfMSMB7AvCBx91NGj/ba3kCfza0f6dVDbw7YlRf/nDrn7pQrCCyQ/w==

execa@^0.8.0:
  version "0.8.0"
  resolved "https://registry.npmjs.org/execa/-/execa-0.8.0.tgz#d8d76bbc1b55217ed190fd6dd49d3c774ecfc8da"
  integrity sha1-2NdrvBtVIX7RkP1t1J08d07PyNo=
  dependencies:
    cross-spawn "^5.0.1"
    get-stream "^3.0.0"
    is-stream "^1.1.0"
    npm-run-path "^2.0.0"
    p-finally "^1.0.0"
    signal-exit "^3.0.0"
    strip-eof "^1.0.0"

extend-shallow@^2.0.1:
  version "2.0.1"
  resolved "https://registry.yarnpkg.com/extend-shallow/-/extend-shallow-2.0.1.tgz#51af7d614ad9a9f610ea1bafbb989d6b1c56890f"
  integrity sha1-Ua99YUrZqfYQ6huvu5idaxxWiQ8=
  dependencies:
    is-extendable "^0.1.0"

fsevents@~2.3.2:
  version "2.3.2"
  resolved "https://registry.yarnpkg.com/fsevents/-/fsevents-2.3.2.tgz#8a526f78b8fdf4623b709e0b975c52c24c02fd1a"
  integrity sha512-xiqMQR4xAeHTuB9uWm+fFRcIOgKBMiOBP+eXiyT7jsgVCq1bkVygt00oASowB7EdtpOHaaPgKt812P9ab+DDKA==

function-bind@^1.1.1:
  version "1.1.1"
  resolved "https://registry.npmjs.org/function-bind/-/function-bind-1.1.1.tgz#a56899d3ea3c9bab874bb9773b7c5ede92f4895d"
  integrity sha512-yIovAzMX49sF8Yl58fSCWJ5svSLuaibPxXQJFLmBObTuCr0Mf1KiPopGM9NiFjiYBCbfaa2Fh6breQ6ANVTI0A==

get-stream@^3.0.0:
  version "3.0.0"
  resolved "https://registry.npmjs.org/get-stream/-/get-stream-3.0.0.tgz#8e943d1358dc37555054ecbe2edb05aa174ede14"
  integrity sha1-jpQ9E1jcN1VQVOy+LtsFqhdO3hQ=

gray-matter@^4.0.3:
  version "4.0.3"
  resolved "https://registry.yarnpkg.com/gray-matter/-/gray-matter-4.0.3.tgz#e893c064825de73ea1f5f7d88c7a9f7274288798"
  integrity sha512-5v6yZd4JK3eMI3FqqCouswVqwugaA9r4dNZB1wwcmrD02QkV5H0y7XBQW8QwQqEaZY1pM9aqORSORhJRdNK44Q==
  dependencies:
    js-yaml "^3.13.1"
    kind-of "^6.0.2"
    section-matter "^1.0.0"
    strip-bom-string "^1.0.0"

has-flag@^4.0.0:
  version "4.0.0"
  resolved "https://registry.npmjs.org/has-flag/-/has-flag-4.0.0.tgz#944771fd9c81c81265c4d6941860da06bb59479b"
  integrity sha512-EykJT/Q1KjTWctppgIAgfSO0tKVuZUjhgMr17kqTumMl6Afv3EISleU7qZUzoXDFTAHTDC4NOoG/ZxU3EvlMPQ==

has@^1.0.3:
  version "1.0.3"
  resolved "https://registry.npmjs.org/has/-/has-1.0.3.tgz#722d7cbfc1f6aa8241f16dd814e011e1f41e8796"
  integrity sha512-f2dvO0VU6Oej7RkWJGrehjbzMAjFp5/VKPp5tTpWIV4JHHZK1/BxbFRtf/siA2SWTe09caDmVtYYzWEIbBS4zw==
  dependencies:
    function-bind "^1.1.1"

is-ci@^1.0.10:
  version "1.2.1"
  resolved "https://registry.npmjs.org/is-ci/-/is-ci-1.2.1.tgz#e3779c8ee17fccf428488f6e281187f2e632841c"
  integrity sha512-s6tfsaQaQi3JNciBH6shVqEDvhGut0SUXr31ag8Pd8BBbVVlcGfWhpPmEOoM6RJ5TFhbypvf5yyRw/VXW1IiWg==
  dependencies:
    ci-info "^1.5.0"

is-core-module@^2.8.1:
  version "2.8.1"
  resolved "https://registry.npmjs.org/is-core-module/-/is-core-module-2.8.1.tgz#f59fdfca701d5879d0a6b100a40aa1560ce27211"
  integrity sha512-SdNCUs284hr40hFTFP6l0IfZ/RSrMXF3qgoRHd3/79unUTvrFO/JoXwkGm+5J/Oe3E/b5GsnG330uUNgRpu1PA==
  dependencies:
    has "^1.0.3"

is-extendable@^0.1.0:
  version "0.1.1"
  resolved "https://registry.yarnpkg.com/is-extendable/-/is-extendable-0.1.1.tgz#62b110e289a471418e3ec36a617d472e301dfc89"
  integrity sha1-YrEQ4omkcUGOPsNqYX1HLjAd/Ik=

is-stream@^1.1.0:
  version "1.1.0"
  resolved "https://registry.npmjs.org/is-stream/-/is-stream-1.1.0.tgz#12d4a3dd4e68e0b79ceb8dbc84173ae80d91ca44"
  integrity sha1-EtSj3U5o4Lec6428hBc66A2RykQ=

isexe@^2.0.0:
  version "2.0.0"
  resolved "https://registry.npmjs.org/isexe/-/isexe-2.0.0.tgz#e8fbf374dc556ff8947a10dcb0572d633f2cfa10"
  integrity sha1-6PvzdNxVb/iUehDcsFctYz8s+hA=

js-yaml@^3.13.1:
  version "3.14.1"
  resolved "https://registry.yarnpkg.com/js-yaml/-/js-yaml-3.14.1.tgz#dae812fdb3825fa306609a8717383c50c36a0537"
  integrity sha512-okMH7OXXJ7YrN9Ok3/SXrnu4iX9yOk+25nqX4imS2npuvTYDmo/QEZoqwZkYaIDk3jVvBOTOIEgEhaLOynBS9g==
  dependencies:
    argparse "^1.0.7"
    esprima "^4.0.0"

kind-of@^6.0.0, kind-of@^6.0.2:
  version "6.0.3"
  resolved "https://registry.yarnpkg.com/kind-of/-/kind-of-6.0.3.tgz#07c05034a6c349fa06e24fa35aa76db4580ce4dd"
  integrity sha512-dcS1ul+9tmeD95T+x28/ehLgd9mENa3LsvDTtzm3vyBEO7RPptvAD+t44WVXaUjTBRcrpFeFlC8WCruUR456hw==

lodash@^4.17.21:
  version "4.17.21"
  resolved "https://registry.yarnpkg.com/lodash/-/lodash-4.17.21.tgz#679591c564c3bffaae8454cf0b3df370c3d6911c"
  integrity sha512-v2kDEe57lecTulaDIuNTPy3Ry4gLGJ6Z1O3vE1krgXZNrsQ+LFTGHVxVjcXPs17LhbZVGedAJv8XZ1tvj5FvSg==

lru-cache@^4.0.1:
  version "4.1.5"
  resolved "https://registry.npmjs.org/lru-cache/-/lru-cache-4.1.5.tgz#8bbe50ea85bed59bc9e33dcab8235ee9bcf443cd"
  integrity sha512-sWZlbEP2OsHNkXrMl5GYk/jKk70MBng6UU4YI/qGDYbgf6YbP4EvmqISbXCoJiRKs+1bSpFHVgQxvJ17F2li5g==
  dependencies:
    pseudomap "^1.0.2"
    yallist "^2.1.2"

magic-string@^0.25.7:
  version "0.25.7"
  resolved "https://registry.npmjs.org/magic-string/-/magic-string-0.25.7.tgz#3f497d6fd34c669c6798dcb821f2ef31f5445051"
  integrity sha512-4CrMT5DOHTDk4HYDlzmwu4FVCcIYI8gauveasrdCu2IKIFOJ3f0v/8MDGJCDL9oD2ppz/Av1b0Nj345H9M+XIA==
  dependencies:
    sourcemap-codec "^1.4.4"

nanocolors@^0.2.2:
  version "0.2.11"
  resolved "https://registry.yarnpkg.com/nanocolors/-/nanocolors-0.2.11.tgz#f2573e6872f1b70067423fc68bbc9d0de2f3bbee"
  integrity sha512-83ttyvfJj66dKMadWfBkEUOEDFfRc8FpzTJvh1MySR/pzWFmFikTQZGOV6kHZRz7yR/heiQ1y/MHBBN5P/e7WQ==

nanoid@^3.1.25:
  version "3.1.28"
  resolved "https://registry.yarnpkg.com/nanoid/-/nanoid-3.1.28.tgz#3c01bac14cb6c5680569014cc65a2f26424c6bd4"
  integrity sha512-gSu9VZ2HtmoKYe/lmyPFES5nknFrHa+/DT9muUFWFMi6Jh9E1I7bkvlQ8xxf1Kos9pi9o8lBnIOkatMhKX/YUw==

nanoid@^3.2.0:
  version "3.3.1"
  resolved "https://registry.npmjs.org/nanoid/-/nanoid-3.3.1.tgz#6347a18cac88af88f58af0b3594b723d5e99bb35"
  integrity sha512-n6Vs/3KGyxPQd6uO0eH4Bv0ojGSUvuLlIHtC3Y0kEO23YRge8H9x1GCzLn28YX0H66pMkxuaeESFq4tKISKwdw==

normalize-path@^1.0.0:
  version "1.0.0"
  resolved "https://registry.npmjs.org/normalize-path/-/normalize-path-1.0.0.tgz#32d0e472f91ff345701c15a8311018d3b0a90379"
  integrity sha1-MtDkcvkf80VwHBWoMRAY07CpA3k=

npm-run-path@^2.0.0:
  version "2.0.2"
  resolved "https://registry.npmjs.org/npm-run-path/-/npm-run-path-2.0.2.tgz#35a9232dfa35d7067b4cb2ddf2357b1871536c5f"
  integrity sha1-NakjLfo11wZ7TLLd8jV7GHFTbF8=
  dependencies:
    path-key "^2.0.0"

p-finally@^1.0.0:
  version "1.0.0"
  resolved "https://registry.npmjs.org/p-finally/-/p-finally-1.0.0.tgz#3fbcfb15b899a44123b34b6dcc18b724336a2cae"
  integrity sha1-P7z7FbiZpEEjs0ttzBi3JDNqLK4=

path-key@^2.0.0:
  version "2.0.1"
  resolved "https://registry.npmjs.org/path-key/-/path-key-2.0.1.tgz#411cadb574c5a140d3a4b1910d40d80cc9f40b40"
  integrity sha1-QRyttXTFoUDTpLGRDUDYDMn0C0A=

path-parse@^1.0.7:
  version "1.0.7"
  resolved "https://registry.npmjs.org/path-parse/-/path-parse-1.0.7.tgz#fbc114b60ca42b30d9daf5858e4bd68bbedb6735"
  integrity sha512-LDJzPVEEEPR+y48z93A0Ed0yXb8pAByGWo/k5YYdYgpY2/2EsOsksJrq7lOHxryrVOn1ejG6oAp8ahvOIQD8sw==

picocolors@^1.0.0:
  version "1.0.0"
  resolved "https://registry.npmjs.org/picocolors/-/picocolors-1.0.0.tgz#cb5bdc74ff3f51892236eaf79d68bc44564ab81c"
  integrity sha512-1fygroTLlHu66zi26VoTDv8yRgm0Fccecssto+MhsZ0D/DGW2sm8E8AjW7NU5VVTRt5GxbeZ5qBuJr+HyLYkjQ==

postcss@^8.1.10:
  version "8.3.8"
  resolved "https://registry.yarnpkg.com/postcss/-/postcss-8.3.8.tgz#9ebe2a127396b4b4570ae9f7770e7fb83db2bac1"
  integrity sha512-GT5bTjjZnwDifajzczOC+r3FI3Cu+PgPvrsjhQdRqa2kTJ4968/X9CUce9xttIB0xOs5c6xf0TCWZo/y9lF6bA==
  dependencies:
    nanocolors "^0.2.2"
    nanoid "^3.1.25"
    source-map-js "^0.6.2"

postcss@^8.4.6:
  version "8.4.6"
  resolved "https://registry.npmjs.org/postcss/-/postcss-8.4.6.tgz#c5ff3c3c457a23864f32cb45ac9b741498a09ae1"
  integrity sha512-OovjwIzs9Te46vlEx7+uXB0PLijpwjXGKXjVGGPIGubGpq7uh5Xgf6D6FiJ/SzJMBosHDp6a2hiXOS97iBXcaA==
  dependencies:
    nanoid "^3.2.0"
    picocolors "^1.0.0"
    source-map-js "^1.0.2"

preact@^10.0.0:
  version "10.5.12"
  resolved "https://registry.npmjs.org/preact/-/preact-10.5.12.tgz#6a8ee8bf40a695c505df9abebacd924e4dd37704"
  integrity sha512-r6siDkuD36oszwlCkcqDJCAKBQxGoeEGytw2DGMD5A/GGdu5Tymw+N2OBXwvOLxg6d1FeY8MgMV3cc5aVQo4Cg==

prismjs@^1.25.0:
  version "1.27.0"
  resolved "https://registry.npmjs.org/prismjs/-/prismjs-1.27.0.tgz#bb6ee3138a0b438a3653dd4d6ce0cc6510a45057"
  integrity sha512-t13BGPUlFDR7wRB5kQDG4jjl7XeuH6jbJGt11JHPL96qwsEHNX2+68tFXqc1/k+/jALsbSWJKUOT/hcYAZ5LkA==

pseudomap@^1.0.2:
  version "1.0.2"
  resolved "https://registry.npmjs.org/pseudomap/-/pseudomap-1.0.2.tgz#f052a28da70e618917ef0a8ac34c1ae5a68286b3"
  integrity sha1-8FKijacOYYkX7wqKw0wa5aaChrM=

resolve@^1.22.0:
  version "1.22.0"
  resolved "https://registry.npmjs.org/resolve/-/resolve-1.22.0.tgz#5e0b8c67c15df57a89bdbabe603a002f21731198"
  integrity sha512-Hhtrw0nLeSrFQ7phPp4OOcVjLPIeMnRlr5mcnVuMe7M/7eBn98A3hmFRLoFo3DLZkivSYwhRUJTyPyWAk56WLw==
  dependencies:
    is-core-module "^2.8.1"
    path-parse "^1.0.7"
    supports-preserve-symlinks-flag "^1.0.0"

rollup@^2.59.0:
  version "2.67.3"
  resolved "https://registry.npmjs.org/rollup/-/rollup-2.67.3.tgz#3f04391fc296f807d067c9081d173e0a33dbd37e"
  integrity sha512-G/x1vUwbGtP6O5ZM8/sWr8+p7YfZhI18pPqMRtMYMWSbHjKZ/ajHGiM+GWNTlWyOR0EHIdT8LHU+Z4ciIZ1oBw==
  optionalDependencies:
    fsevents "~2.3.2"

section-matter@^1.0.0:
  version "1.0.0"
  resolved "https://registry.yarnpkg.com/section-matter/-/section-matter-1.0.0.tgz#e9041953506780ec01d59f292a19c7b850b84167"
  integrity sha512-vfD3pmTzGpufjScBh50YHKzEu2lxBWhVEHsNGoEXmCmn2hKGfeNLYMzCJpe8cD7gqX7TJluOVpBkAequ6dgMmA==
  dependencies:
    extend-shallow "^2.0.1"
    kind-of "^6.0.0"

shebang-command@^1.2.0:
  version "1.2.0"
  resolved "https://registry.npmjs.org/shebang-command/-/shebang-command-1.2.0.tgz#44aac65b695b03398968c39f363fee5deafdf1ea"
  integrity sha1-RKrGW2lbAzmJaMOfNj/uXer98eo=
  dependencies:
    shebang-regex "^1.0.0"

shebang-regex@^1.0.0:
  version "1.0.0"
  resolved "https://registry.npmjs.org/shebang-regex/-/shebang-regex-1.0.0.tgz#da42f49740c0b42db2ca9728571cb190c98efea3"
  integrity sha1-2kL0l0DAtC2yypcoVxyxkMmO/qM=

signal-exit@^3.0.0:
  version "3.0.3"
  resolved "https://registry.npmjs.org/signal-exit/-/signal-exit-3.0.3.tgz#a1410c2edd8f077b08b4e253c8eacfcaf057461c"
  integrity sha512-VUJ49FC8U1OxwZLxIbTTrDvLnf/6TDgxZcK8wxR8zs13xpx7xbG60ndBlhNrFi2EMuFRoeDoJO7wthSLq42EjA==

source-map-js@^0.6.2:
  version "0.6.2"
  resolved "https://registry.yarnpkg.com/source-map-js/-/source-map-js-0.6.2.tgz#0bb5de631b41cfbda6cfba8bd05a80efdfd2385e"
  integrity sha512-/3GptzWzu0+0MBQFrDKzw/DvvMTUORvgY6k6jd/VS6iCR4RDTKWH6v6WPwQoUO8667uQEf9Oe38DxAYWY5F/Ug==

source-map-js@^1.0.2:
  version "1.0.2"
  resolved "https://registry.npmjs.org/source-map-js/-/source-map-js-1.0.2.tgz#adbc361d9c62df380125e7f161f71c826f1e490c"
  integrity sha512-R0XvVJ9WusLiqTCEiGCmICCMplcCkIwwR11mOSD9CR5u+IXYdiseeEuXCVAjS54zqwkLcPNnmU4OeJ6tUrWhDw==

source-map@^0.6.1:
  version "0.6.1"
  resolved "https://registry.npmjs.org/source-map/-/source-map-0.6.1.tgz#74722af32e9614e9c287a8d0bbde48b5e2f1a263"
  integrity sha512-UjgapumWlbMhkBgzT7Ykc5YXUT46F0iKu8SGXq0bcwP5dz/h0Plj6enJqjz1Zbq2l5WaqYnrVbwWOWMyF3F47g==

sourcemap-codec@^1.4.4:
  version "1.4.8"
  resolved "https://registry.npmjs.org/sourcemap-codec/-/sourcemap-codec-1.4.8.tgz#ea804bd94857402e6992d05a38ef1ae35a9ab4c4"
  integrity sha512-9NykojV5Uih4lgo5So5dtw+f0JgJX30KCNI8gwhz2J9A15wD0Ml6tjHKwf6fTSa6fAdVBdZeNOs9eJ71qCk8vA==

sprintf-js@~1.0.2:
  version "1.0.3"
  resolved "https://registry.yarnpkg.com/sprintf-js/-/sprintf-js-1.0.3.tgz#04e6926f662895354f3dd015203633b857297e2c"
  integrity sha1-BOaSb2YolTVPPdAVIDYzuFcpfiw=

strip-bom-string@^1.0.0:
  version "1.0.0"
  resolved "https://registry.yarnpkg.com/strip-bom-string/-/strip-bom-string-1.0.0.tgz#e5211e9224369fbb81d633a2f00044dc8cedad92"
  integrity sha1-5SEekiQ2n7uB1jOi8ABE3IztrZI=

strip-eof@^1.0.0:
  version "1.0.0"
  resolved "https://registry.npmjs.org/strip-eof/-/strip-eof-1.0.0.tgz#bb43ff5598a6eb05d89b59fcd129c983313606bf"
  integrity sha1-u0P/VZim6wXYm1n80SnJgzE2Br8=

strip-indent@^2.0.0:
  version "2.0.0"
  resolved "https://registry.npmjs.org/strip-indent/-/strip-indent-2.0.0.tgz#5ef8db295d01e6ed6cbf7aab96998d7822527b68"
  integrity sha1-XvjbKV0B5u1sv3qrlpmNeCJSe2g=

supports-color@^7.1.0:
  version "7.2.0"
  resolved "https://registry.npmjs.org/supports-color/-/supports-color-7.2.0.tgz#1b7dcdcb32b8138801b3e478ba6a51caa89648da"
  integrity sha512-qpCAvRl9stuOHveKsn7HncJRvv501qIacKzQlO/+Lwxc9+0q2wLyv4Dfvt80/DPn2pqOBsJdDiogXGR9+OvwRw==
  dependencies:
    has-flag "^4.0.0"

supports-preserve-symlinks-flag@^1.0.0:
  version "1.0.0"
  resolved "https://registry.npmjs.org/supports-preserve-symlinks-flag/-/supports-preserve-symlinks-flag-1.0.0.tgz#6eda4bd344a3c94aea376d4cc31bc77311039e09"
  integrity sha512-ot0WnXS9fgdkgIcePe6RHNk1WA8+muPa6cSjeR3V8K27q9BB1rTE3R1p7Hv0z1ZyAc8s6Vvv8DIyWf681MAt0w==

vite@^2.7.12:
  version "2.8.4"
  resolved "https://registry.npmjs.org/vite/-/vite-2.8.4.tgz#4e52a534289b7b4e94e646df2fc5556ceaa7336b"
  integrity sha512-GwtOkkaT2LDI82uWZKcrpRQxP5tymLnC7hVHHqNkhFNknYr0hJUlDLfhVRgngJvAy3RwypkDCWtTKn1BjO96Dw==
  dependencies:
    esbuild "^0.14.14"
    postcss "^8.4.6"
    resolve "^1.22.0"
    rollup "^2.59.0"
  optionalDependencies:
    fsevents "~2.3.2"

vitepress@^0.21.6:
  version "0.21.6"
  resolved "https://registry.npmjs.org/vitepress/-/vitepress-0.21.6.tgz#aa9e7a597efad607a08a79a020417771bec081c7"
  integrity sha512-OzwD2cTfvoK5VKV0UWSqu4XvUOz4vWFJ4Bdi0z8GoVkTFXkfmbFawEDVXAZwzu0Hn4/VLopgmEyooc91iGKFlg==
  dependencies:
    "@docsearch/css" "^3.0.0-alpha.41"
    "@docsearch/js" "^3.0.0-alpha.41"
    "@vitejs/plugin-vue" "^2.0.0"
    prismjs "^1.25.0"
    vite "^2.7.12"
    vue "^3.2.27"

vue@^3.2.27:
  version "3.2.31"
  resolved "https://registry.npmjs.org/vue/-/vue-3.2.31.tgz#e0c49924335e9f188352816788a4cca10f817ce6"
  integrity sha512-odT3W2tcffTiQCy57nOT93INw1auq5lYLLYtWpPYQQYQOOdHiqFct9Xhna6GJ+pJQaF67yZABraH47oywkJgFw==
  dependencies:
    "@vue/compiler-dom" "3.2.31"
    "@vue/compiler-sfc" "3.2.31"
    "@vue/runtime-dom" "3.2.31"
    "@vue/server-renderer" "3.2.31"
    "@vue/shared" "3.2.31"

which@^1.2.9:
  version "1.3.1"
  resolved "https://registry.npmjs.org/which/-/which-1.3.1.tgz#a45043d54f5805316da8d62f9f50918d3da70b0a"
  integrity sha512-HxJdYWq1MTIQbJ3nw0cqssHoTNU267KlrDuGZ1WYlxDStUtKUhOaJmh112/TZmHxxUfuJqPXSOm7tDyas0OSIQ==
  dependencies:
    isexe "^2.0.0"

yallist@^2.1.2:
  version "2.1.2"
  resolved "https://registry.npmjs.org/yallist/-/yallist-2.1.2.tgz#1c11f9218f076089a47dd512f93c6699a6a81d52"
  integrity sha1-HBH5IY8HYImkfdUS+TxmmaaoHVI=

yorkie@^2.0.0:
  version "2.0.0"
  resolved "https://registry.npmjs.org/yorkie/-/yorkie-2.0.0.tgz#92411912d435214e12c51c2ae1093e54b6bb83d9"
  integrity sha512-jcKpkthap6x63MB4TxwCyuIGkV0oYP/YRyuQU5UO0Yz/E/ZAu+653/uov+phdmO54n6BcvFRyyt0RRrWdN2mpw==
  dependencies:
    execa "^0.8.0"
    is-ci "^1.0.10"
    normalize-path "^1.0.0"
    strip-indent "^2.0.0"
